// !$*UTF8*$!
{
	archiveVersion = 1;
	classes = {
	};
	objectVersion = 55;
	objects = {

/* Begin PBXBuildFile section */
		6EAFE49C9D6A3C0E404AD101 /* Pods_Move.framework in Frameworks */ = {isa = PBXBuildFile; fileRef = 6E53B91612D6E3FF3117779E /* Pods_Move.framework */; };
		B80979CC28A51861009B1C8D /* ForgotPasswordView.swift in Sources */ = {isa = PBXBuildFile; fileRef = B80979CB28A51861009B1C8D /* ForgotPasswordView.swift */; };
		B80979CE28A51A4E009B1C8D /* ResetPasswordView.swift in Sources */ = {isa = PBXBuildFile; fileRef = B80979CD28A51A4E009B1C8D /* ResetPasswordView.swift */; };
		B80979D128A53504009B1C8D /* AddLicenseView.swift in Sources */ = {isa = PBXBuildFile; fileRef = B80979D028A53504009B1C8D /* AddLicenseView.swift */; };
		B83DD3FD28BCBB4D00F1F2F6 /* User.swift in Sources */ = {isa = PBXBuildFile; fileRef = B83DD3FC28BCBB4D00F1F2F6 /* User.swift */; };
		B83DD40628BCDC7700F1F2F6 /* APIService.swift in Sources */ = {isa = PBXBuildFile; fileRef = B83DD40528BCDC7700F1F2F6 /* APIService.swift */; };
		B83DD40828BD1C1300F1F2F6 /* LoginResponse.swift in Sources */ = {isa = PBXBuildFile; fileRef = B83DD40728BD1C1200F1F2F6 /* LoginResponse.swift */; };
		B854D2F828BE32DB006AA8EE /* ScannerView.swift in Sources */ = {isa = PBXBuildFile; fileRef = B854D2F728BE32DB006AA8EE /* ScannerView.swift */; };
		B861626128ABB73300BDE4CA /* Shared.swift in Sources */ = {isa = PBXBuildFile; fileRef = B861626028ABB73300BDE4CA /* Shared.swift */; };
		B861626328ABBAAA00BDE4CA /* LayoutExtensions.swift in Sources */ = {isa = PBXBuildFile; fileRef = B861626228ABBAAA00BDE4CA /* LayoutExtensions.swift */; };
		B862BF0028AD0148002EF079 /* ButtonStylesExtensions.swift in Sources */ = {isa = PBXBuildFile; fileRef = B862BEFF28AD0148002EF079 /* ButtonStylesExtensions.swift */; };
		B896D15628A63D6000BD7791 /* ColorExtensions.swift in Sources */ = {isa = PBXBuildFile; fileRef = B896D15528A63D6000BD7791 /* ColorExtensions.swift */; };
		B896D15828A6422500BD7791 /* PreviewDevices.swift in Sources */ = {isa = PBXBuildFile; fileRef = B896D15728A6422500BD7791 /* PreviewDevices.swift */; };
		B896D15A28A66AD000BD7791 /* MainCoordinatorView.swift in Sources */ = {isa = PBXBuildFile; fileRef = B896D15928A66AD000BD7791 /* MainCoordinatorView.swift */; };
		B8B14F2428BE49FC00979F01 /* ImagePickerView.swift in Sources */ = {isa = PBXBuildFile; fileRef = B8B14F2328BE49FC00979F01 /* ImagePickerView.swift */; };
		B8B4B0C328A132AD00FD6B56 /* SplashView.swift in Sources */ = {isa = PBXBuildFile; fileRef = B8B4B0C228A132AD00FD6B56 /* SplashView.swift */; };
		B8D9111028A1188600D25454 /* MoveApp.swift in Sources */ = {isa = PBXBuildFile; fileRef = B8D9110F28A1188600D25454 /* MoveApp.swift */; };
		B8D9111428A1188800D25454 /* Assets.xcassets in Resources */ = {isa = PBXBuildFile; fileRef = B8D9111328A1188800D25454 /* Assets.xcassets */; };
		B8D9111728A1188800D25454 /* Preview Assets.xcassets in Resources */ = {isa = PBXBuildFile; fileRef = B8D9111628A1188800D25454 /* Preview Assets.xcassets */; };
		B8D9B77D28A3A726003F0968 /* TextFields.swift in Sources */ = {isa = PBXBuildFile; fileRef = B8D9B77C28A3A726003F0968 /* TextFields.swift */; };
		B8D9B77F28A3C1AE003F0968 /* Buttons.swift in Sources */ = {isa = PBXBuildFile; fileRef = B8D9B77E28A3C1AE003F0968 /* Buttons.swift */; };
		B8D9B78128A3D0F8003F0968 /* AuthenticationCoordinator.swift in Sources */ = {isa = PBXBuildFile; fileRef = B8D9B78028A3D0F8003F0968 /* AuthenticationCoordinator.swift */; };
		B8D9B78328A3D8B6003F0968 /* FontsExtensions.swift in Sources */ = {isa = PBXBuildFile; fileRef = B8D9B78228A3D8B6003F0968 /* FontsExtensions.swift */; };
		B8DC508C28BF3CD100D9B2C6 /* RideScooterCoordinatorView.swift in Sources */ = {isa = PBXBuildFile; fileRef = B8DC508B28BF3CD100D9B2C6 /* RideScooterCoordinatorView.swift */; };
		B8E5BB7F28A243E60012DB66 /* OnboardingView.swift in Sources */ = {isa = PBXBuildFile; fileRef = B8E5BB7E28A243E60012DB66 /* OnboardingView.swift */; };
		B8E5BB8D28A25F290012DB66 /* BaiJamjuree-ExtraLight.ttf in Resources */ = {isa = PBXBuildFile; fileRef = B8E5BB8128A25F280012DB66 /* BaiJamjuree-ExtraLight.ttf */; };
		B8E5BB8E28A25F290012DB66 /* BaiJamjuree-Italic.ttf in Resources */ = {isa = PBXBuildFile; fileRef = B8E5BB8228A25F280012DB66 /* BaiJamjuree-Italic.ttf */; };
		B8E5BB8F28A25F290012DB66 /* BaiJamjuree-BoldItalic.ttf in Resources */ = {isa = PBXBuildFile; fileRef = B8E5BB8328A25F280012DB66 /* BaiJamjuree-BoldItalic.ttf */; };
		B8E5BB9028A25F290012DB66 /* BaiJamjuree-SemiBold.ttf in Resources */ = {isa = PBXBuildFile; fileRef = B8E5BB8428A25F280012DB66 /* BaiJamjuree-SemiBold.ttf */; };
		B8E5BB9128A25F290012DB66 /* BaiJamjuree-Light.ttf in Resources */ = {isa = PBXBuildFile; fileRef = B8E5BB8528A25F280012DB66 /* BaiJamjuree-Light.ttf */; };
		B8E5BB9228A25F290012DB66 /* BaiJamjuree-Regular.ttf in Resources */ = {isa = PBXBuildFile; fileRef = B8E5BB8628A25F280012DB66 /* BaiJamjuree-Regular.ttf */; };
		B8E5BB9328A25F290012DB66 /* BaiJamjuree-SemiBoldItalic.ttf in Resources */ = {isa = PBXBuildFile; fileRef = B8E5BB8728A25F280012DB66 /* BaiJamjuree-SemiBoldItalic.ttf */; };
		B8E5BB9428A25F290012DB66 /* BaiJamjuree-ExtraLightItalic.ttf in Resources */ = {isa = PBXBuildFile; fileRef = B8E5BB8828A25F280012DB66 /* BaiJamjuree-ExtraLightItalic.ttf */; };
		B8E5BB9528A25F290012DB66 /* BaiJamjuree-Bold.ttf in Resources */ = {isa = PBXBuildFile; fileRef = B8E5BB8928A25F280012DB66 /* BaiJamjuree-Bold.ttf */; };
		B8E5BB9628A25F290012DB66 /* BaiJamjuree-LightItalic.ttf in Resources */ = {isa = PBXBuildFile; fileRef = B8E5BB8A28A25F280012DB66 /* BaiJamjuree-LightItalic.ttf */; };
		B8E5BB9728A25F290012DB66 /* BaiJamjuree-Medium.ttf in Resources */ = {isa = PBXBuildFile; fileRef = B8E5BB8B28A25F280012DB66 /* BaiJamjuree-Medium.ttf */; };
		B8E5BB9828A25F290012DB66 /* BaiJamjuree-MediumItalic.ttf in Resources */ = {isa = PBXBuildFile; fileRef = B8E5BB8C28A25F290012DB66 /* BaiJamjuree-MediumItalic.ttf */; };
		B8E5BB9C28A27F0F0012DB66 /* RegisterView.swift in Sources */ = {isa = PBXBuildFile; fileRef = B8E5BB9B28A27F0F0012DB66 /* RegisterView.swift */; };
		B8E5BB9E28A27F190012DB66 /* LoginView.swift in Sources */ = {isa = PBXBuildFile; fileRef = B8E5BB9D28A27F190012DB66 /* LoginView.swift */; };
		B8E5BBA028A27F2D0012DB66 /* PurpleBackgroundView.swift in Sources */ = {isa = PBXBuildFile; fileRef = B8E5BB9F28A27F2D0012DB66 /* PurpleBackgroundView.swift */; };
		B8E9752728AE6766004E83A4 /* ValidationInProgressView.swift in Sources */ = {isa = PBXBuildFile; fileRef = B8E9752628AE6766004E83A4 /* ValidationInProgressView.swift */; };
		B8E9752B28AE67A1004E83A4 /* ValidationSuccessView.swift in Sources */ = {isa = PBXBuildFile; fileRef = B8E9752A28AE67A1004E83A4 /* ValidationSuccessView.swift */; };
		B8E9752D28AE7111004E83A4 /* ActivityIndicator.swift in Sources */ = {isa = PBXBuildFile; fileRef = B8E9752C28AE7111004E83A4 /* ActivityIndicator.swift */; };
/* End PBXBuildFile section */

/* Begin PBXFileReference section */
		6E53B91612D6E3FF3117779E /* Pods_Move.framework */ = {isa = PBXFileReference; explicitFileType = wrapper.framework; includeInIndex = 0; path = Pods_Move.framework; sourceTree = BUILT_PRODUCTS_DIR; };
		9DF2BD6A48EE2CC2E0439BB6 /* Pods-Move.release.xcconfig */ = {isa = PBXFileReference; includeInIndex = 1; lastKnownFileType = text.xcconfig; name = "Pods-Move.release.xcconfig"; path = "Target Support Files/Pods-Move/Pods-Move.release.xcconfig"; sourceTree = "<group>"; };
		B80979CB28A51861009B1C8D /* ForgotPasswordView.swift */ = {isa = PBXFileReference; lastKnownFileType = sourcecode.swift; path = ForgotPasswordView.swift; sourceTree = "<group>"; };
		B80979CD28A51A4E009B1C8D /* ResetPasswordView.swift */ = {isa = PBXFileReference; lastKnownFileType = sourcecode.swift; path = ResetPasswordView.swift; sourceTree = "<group>"; };
		B80979D028A53504009B1C8D /* AddLicenseView.swift */ = {isa = PBXFileReference; lastKnownFileType = sourcecode.swift; path = AddLicenseView.swift; sourceTree = "<group>"; };
		B83DD3FC28BCBB4D00F1F2F6 /* User.swift */ = {isa = PBXFileReference; lastKnownFileType = sourcecode.swift; path = User.swift; sourceTree = "<group>"; };
		B83DD40528BCDC7700F1F2F6 /* APIService.swift */ = {isa = PBXFileReference; lastKnownFileType = sourcecode.swift; path = APIService.swift; sourceTree = "<group>"; };
		B83DD40728BD1C1200F1F2F6 /* LoginResponse.swift */ = {isa = PBXFileReference; lastKnownFileType = sourcecode.swift; path = LoginResponse.swift; sourceTree = "<group>"; };
		B854D2F728BE32DB006AA8EE /* ScannerView.swift */ = {isa = PBXFileReference; lastKnownFileType = sourcecode.swift; path = ScannerView.swift; sourceTree = "<group>"; };
		B861626028ABB73300BDE4CA /* Shared.swift */ = {isa = PBXFileReference; lastKnownFileType = sourcecode.swift; path = Shared.swift; sourceTree = "<group>"; };
		B861626228ABBAAA00BDE4CA /* LayoutExtensions.swift */ = {isa = PBXFileReference; lastKnownFileType = sourcecode.swift; path = LayoutExtensions.swift; sourceTree = "<group>"; };
		B862BEFF28AD0148002EF079 /* ButtonStylesExtensions.swift */ = {isa = PBXFileReference; lastKnownFileType = sourcecode.swift; path = ButtonStylesExtensions.swift; sourceTree = "<group>"; };
		B896D15528A63D6000BD7791 /* ColorExtensions.swift */ = {isa = PBXFileReference; lastKnownFileType = sourcecode.swift; path = ColorExtensions.swift; sourceTree = "<group>"; };
		B896D15728A6422500BD7791 /* PreviewDevices.swift */ = {isa = PBXFileReference; lastKnownFileType = sourcecode.swift; path = PreviewDevices.swift; sourceTree = "<group>"; };
		B896D15928A66AD000BD7791 /* MainCoordinatorView.swift */ = {isa = PBXFileReference; lastKnownFileType = sourcecode.swift; path = MainCoordinatorView.swift; sourceTree = "<group>"; };
		B8B14F2328BE49FC00979F01 /* ImagePickerView.swift */ = {isa = PBXFileReference; lastKnownFileType = sourcecode.swift; path = ImagePickerView.swift; sourceTree = "<group>"; };
		B8B4B0C228A132AD00FD6B56 /* SplashView.swift */ = {isa = PBXFileReference; lastKnownFileType = sourcecode.swift; path = SplashView.swift; sourceTree = "<group>"; };
		B8D9110C28A1188600D25454 /* Move.app */ = {isa = PBXFileReference; explicitFileType = wrapper.application; includeInIndex = 0; path = Move.app; sourceTree = BUILT_PRODUCTS_DIR; };
		B8D9110F28A1188600D25454 /* MoveApp.swift */ = {isa = PBXFileReference; lastKnownFileType = sourcecode.swift; path = MoveApp.swift; sourceTree = "<group>"; };
		B8D9111328A1188800D25454 /* Assets.xcassets */ = {isa = PBXFileReference; lastKnownFileType = folder.assetcatalog; path = Assets.xcassets; sourceTree = "<group>"; };
		B8D9111628A1188800D25454 /* Preview Assets.xcassets */ = {isa = PBXFileReference; lastKnownFileType = folder.assetcatalog; path = "Preview Assets.xcassets"; sourceTree = "<group>"; };
		B8D9B77C28A3A726003F0968 /* TextFields.swift */ = {isa = PBXFileReference; lastKnownFileType = sourcecode.swift; path = TextFields.swift; sourceTree = "<group>"; };
		B8D9B77E28A3C1AE003F0968 /* Buttons.swift */ = {isa = PBXFileReference; lastKnownFileType = sourcecode.swift; path = Buttons.swift; sourceTree = "<group>"; };
		B8D9B78028A3D0F8003F0968 /* AuthenticationCoordinator.swift */ = {isa = PBXFileReference; lastKnownFileType = sourcecode.swift; path = AuthenticationCoordinator.swift; sourceTree = "<group>"; };
		B8D9B78228A3D8B6003F0968 /* FontsExtensions.swift */ = {isa = PBXFileReference; lastKnownFileType = sourcecode.swift; path = FontsExtensions.swift; sourceTree = "<group>"; };
		B8DC508B28BF3CD100D9B2C6 /* RideScooterCoordinatorView.swift */ = {isa = PBXFileReference; lastKnownFileType = sourcecode.swift; path = RideScooterCoordinatorView.swift; sourceTree = "<group>"; };
		B8E5BB7E28A243E60012DB66 /* OnboardingView.swift */ = {isa = PBXFileReference; lastKnownFileType = sourcecode.swift; path = OnboardingView.swift; sourceTree = "<group>"; };
		B8E5BB8128A25F280012DB66 /* BaiJamjuree-ExtraLight.ttf */ = {isa = PBXFileReference; lastKnownFileType = file; path = "BaiJamjuree-ExtraLight.ttf"; sourceTree = "<group>"; };
		B8E5BB8228A25F280012DB66 /* BaiJamjuree-Italic.ttf */ = {isa = PBXFileReference; lastKnownFileType = file; path = "BaiJamjuree-Italic.ttf"; sourceTree = "<group>"; };
		B8E5BB8328A25F280012DB66 /* BaiJamjuree-BoldItalic.ttf */ = {isa = PBXFileReference; lastKnownFileType = file; path = "BaiJamjuree-BoldItalic.ttf"; sourceTree = "<group>"; };
		B8E5BB8428A25F280012DB66 /* BaiJamjuree-SemiBold.ttf */ = {isa = PBXFileReference; lastKnownFileType = file; path = "BaiJamjuree-SemiBold.ttf"; sourceTree = "<group>"; };
		B8E5BB8528A25F280012DB66 /* BaiJamjuree-Light.ttf */ = {isa = PBXFileReference; lastKnownFileType = file; path = "BaiJamjuree-Light.ttf"; sourceTree = "<group>"; };
		B8E5BB8628A25F280012DB66 /* BaiJamjuree-Regular.ttf */ = {isa = PBXFileReference; lastKnownFileType = file; path = "BaiJamjuree-Regular.ttf"; sourceTree = "<group>"; };
		B8E5BB8728A25F280012DB66 /* BaiJamjuree-SemiBoldItalic.ttf */ = {isa = PBXFileReference; lastKnownFileType = file; path = "BaiJamjuree-SemiBoldItalic.ttf"; sourceTree = "<group>"; };
		B8E5BB8828A25F280012DB66 /* BaiJamjuree-ExtraLightItalic.ttf */ = {isa = PBXFileReference; lastKnownFileType = file; path = "BaiJamjuree-ExtraLightItalic.ttf"; sourceTree = "<group>"; };
		B8E5BB8928A25F280012DB66 /* BaiJamjuree-Bold.ttf */ = {isa = PBXFileReference; lastKnownFileType = file; path = "BaiJamjuree-Bold.ttf"; sourceTree = "<group>"; };
		B8E5BB8A28A25F280012DB66 /* BaiJamjuree-LightItalic.ttf */ = {isa = PBXFileReference; lastKnownFileType = file; path = "BaiJamjuree-LightItalic.ttf"; sourceTree = "<group>"; };
		B8E5BB8B28A25F280012DB66 /* BaiJamjuree-Medium.ttf */ = {isa = PBXFileReference; lastKnownFileType = file; path = "BaiJamjuree-Medium.ttf"; sourceTree = "<group>"; };
		B8E5BB8C28A25F290012DB66 /* BaiJamjuree-MediumItalic.ttf */ = {isa = PBXFileReference; lastKnownFileType = file; path = "BaiJamjuree-MediumItalic.ttf"; sourceTree = "<group>"; };
		B8E5BB9928A25F930012DB66 /* Info.plist */ = {isa = PBXFileReference; lastKnownFileType = text.plist; path = Info.plist; sourceTree = "<group>"; };
		B8E5BB9B28A27F0F0012DB66 /* RegisterView.swift */ = {isa = PBXFileReference; lastKnownFileType = sourcecode.swift; path = RegisterView.swift; sourceTree = "<group>"; };
		B8E5BB9D28A27F190012DB66 /* LoginView.swift */ = {isa = PBXFileReference; lastKnownFileType = sourcecode.swift; path = LoginView.swift; sourceTree = "<group>"; };
		B8E5BB9F28A27F2D0012DB66 /* PurpleBackgroundView.swift */ = {isa = PBXFileReference; lastKnownFileType = sourcecode.swift; path = PurpleBackgroundView.swift; sourceTree = "<group>"; };
		B8E9752628AE6766004E83A4 /* ValidationInProgressView.swift */ = {isa = PBXFileReference; lastKnownFileType = sourcecode.swift; path = ValidationInProgressView.swift; sourceTree = "<group>"; };
		B8E9752A28AE67A1004E83A4 /* ValidationSuccessView.swift */ = {isa = PBXFileReference; lastKnownFileType = sourcecode.swift; path = ValidationSuccessView.swift; sourceTree = "<group>"; };
		B8E9752C28AE7111004E83A4 /* ActivityIndicator.swift */ = {isa = PBXFileReference; lastKnownFileType = sourcecode.swift; path = ActivityIndicator.swift; sourceTree = "<group>"; };
		BF3D1FBCE5C048B8A060E965 /* Pods-Move.debug.xcconfig */ = {isa = PBXFileReference; includeInIndex = 1; lastKnownFileType = text.xcconfig; name = "Pods-Move.debug.xcconfig"; path = "Target Support Files/Pods-Move/Pods-Move.debug.xcconfig"; sourceTree = "<group>"; };
/* End PBXFileReference section */

/* Begin PBXFrameworksBuildPhase section */
		B8D9110928A1188600D25454 /* Frameworks */ = {
			isa = PBXFrameworksBuildPhase;
			buildActionMask = 2147483647;
			files = (
				6EAFE49C9D6A3C0E404AD101 /* Pods_Move.framework in Frameworks */,
			);
			runOnlyForDeploymentPostprocessing = 0;
		};
/* End PBXFrameworksBuildPhase section */

/* Begin PBXGroup section */
		A68C8ECCDF41B88EAC45D6F5 /* Frameworks */ = {
			isa = PBXGroup;
			children = (
				6E53B91612D6E3FF3117779E /* Pods_Move.framework */,
			);
			name = Frameworks;
			sourceTree = "<group>";
		};
		B80979CF28A52EDC009B1C8D /* Driving license validation */ = {
			isa = PBXGroup;
			children = (
				B80979D028A53504009B1C8D /* AddLicenseView.swift */,
				B8E9752628AE6766004E83A4 /* ValidationInProgressView.swift */,
				B8E9752A28AE67A1004E83A4 /* ValidationSuccessView.swift */,
				B854D2F728BE32DB006AA8EE /* ScannerView.swift */,
				B8B14F2328BE49FC00979F01 /* ImagePickerView.swift */,
			);
			path = "Driving license validation";
			sourceTree = "<group>";
		};
		B83DD3FB28BCBB3800F1F2F6 /* Models */ = {
			isa = PBXGroup;
			children = (
				B83DD3FC28BCBB4D00F1F2F6 /* User.swift */,
				B83DD40728BD1C1200F1F2F6 /* LoginResponse.swift */,
			);
			path = Models;
			sourceTree = "<group>";
		};
		B83DD40428BCDC6500F1F2F6 /* APIService */ = {
			isa = PBXGroup;
			children = (
				B83DD40528BCDC7700F1F2F6 /* APIService.swift */,
			);
			path = APIService;
			sourceTree = "<group>";
		};
		B862BEFD28ACF642002EF079 /* Components */ = {
			isa = PBXGroup;
			children = (
				B8E5BB9F28A27F2D0012DB66 /* PurpleBackgroundView.swift */,
				B8D9B77C28A3A726003F0968 /* TextFields.swift */,
				B8D9B77E28A3C1AE003F0968 /* Buttons.swift */,
				B8E9752C28AE7111004E83A4 /* ActivityIndicator.swift */,
			);
			path = Components;
			sourceTree = "<group>";
		};
		B862BEFE28ACF66B002EF079 /* Extensions */ = {
			isa = PBXGroup;
			children = (
				B861626228ABBAAA00BDE4CA /* LayoutExtensions.swift */,
				B896D15528A63D6000BD7791 /* ColorExtensions.swift */,
				B8D9B78228A3D8B6003F0968 /* FontsExtensions.swift */,
				B862BEFF28AD0148002EF079 /* ButtonStylesExtensions.swift */,
			);
			path = Extensions;
			sourceTree = "<group>";
		};
		B8B4B0C028A1325200FD6B56 /* Splash */ = {
			isa = PBXGroup;
			children = (
				B8B4B0C228A132AD00FD6B56 /* SplashView.swift */,
			);
			path = Splash;
			sourceTree = "<group>";
		};
		B8B4B0C128A1325A00FD6B56 /* Onboarding */ = {
			isa = PBXGroup;
			children = (
				B8E5BB7E28A243E60012DB66 /* OnboardingView.swift */,
			);
			path = Onboarding;
			sourceTree = "<group>";
		};
		B8D9110328A1188600D25454 = {
			isa = PBXGroup;
			children = (
				B8D9110E28A1188600D25454 /* Move */,
				B8D9110D28A1188600D25454 /* Products */,
				E10C99F9B1960905A44E8065 /* Pods */,
				A68C8ECCDF41B88EAC45D6F5 /* Frameworks */,
			);
			sourceTree = "<group>";
		};
		B8D9110D28A1188600D25454 /* Products */ = {
			isa = PBXGroup;
			children = (
				B8D9110C28A1188600D25454 /* Move.app */,
			);
			name = Products;
			sourceTree = "<group>";
		};
		B8D9110E28A1188600D25454 /* Move */ = {
			isa = PBXGroup;
			children = (
				B8DC508A28BF3CA200D9B2C6 /* Ride scooter */,
				B83DD40428BCDC6500F1F2F6 /* APIService */,
				B83DD3FB28BCBB3800F1F2F6 /* Models */,
				B862BEFE28ACF66B002EF079 /* Extensions */,
				B862BEFD28ACF642002EF079 /* Components */,
				B80979CF28A52EDC009B1C8D /* Driving license validation */,
				B8D9B77B28A3A6FE003F0968 /* Utils */,
				B8E5BB9A28A279460012DB66 /* Authentication */,
				B8E5BB9928A25F930012DB66 /* Info.plist */,
				B8E5BB8028A25EF40012DB66 /* Fonts */,
				B8B4B0C128A1325A00FD6B56 /* Onboarding */,
				B8B4B0C028A1325200FD6B56 /* Splash */,
				B8D9110F28A1188600D25454 /* MoveApp.swift */,
				B896D15928A66AD000BD7791 /* MainCoordinatorView.swift */,
				B8D9111328A1188800D25454 /* Assets.xcassets */,
				B8D9111528A1188800D25454 /* Preview Content */,
			);
			path = Move;
			sourceTree = "<group>";
		};
		B8D9111528A1188800D25454 /* Preview Content */ = {
			isa = PBXGroup;
			children = (
				B8D9111628A1188800D25454 /* Preview Assets.xcassets */,
			);
			path = "Preview Content";
			sourceTree = "<group>";
		};
		B8D9B77B28A3A6FE003F0968 /* Utils */ = {
			isa = PBXGroup;
			children = (
				B896D15728A6422500BD7791 /* PreviewDevices.swift */,
			);
			path = Utils;
			sourceTree = "<group>";
		};
		B8DC508A28BF3CA200D9B2C6 /* Ride scooter */ = {
			isa = PBXGroup;
			children = (
				B8DC508B28BF3CD100D9B2C6 /* RideScooterCoordinatorView.swift */,
			);
			path = "Ride scooter";
			sourceTree = "<group>";
		};
		B8E5BB8028A25EF40012DB66 /* Fonts */ = {
			isa = PBXGroup;
			children = (
				B8E5BB8928A25F280012DB66 /* BaiJamjuree-Bold.ttf */,
				B8E5BB8328A25F280012DB66 /* BaiJamjuree-BoldItalic.ttf */,
				B8E5BB8128A25F280012DB66 /* BaiJamjuree-ExtraLight.ttf */,
				B8E5BB8828A25F280012DB66 /* BaiJamjuree-ExtraLightItalic.ttf */,
				B8E5BB8228A25F280012DB66 /* BaiJamjuree-Italic.ttf */,
				B8E5BB8528A25F280012DB66 /* BaiJamjuree-Light.ttf */,
				B8E5BB8A28A25F280012DB66 /* BaiJamjuree-LightItalic.ttf */,
				B8E5BB8B28A25F280012DB66 /* BaiJamjuree-Medium.ttf */,
				B8E5BB8C28A25F290012DB66 /* BaiJamjuree-MediumItalic.ttf */,
				B8E5BB8628A25F280012DB66 /* BaiJamjuree-Regular.ttf */,
				B8E5BB8428A25F280012DB66 /* BaiJamjuree-SemiBold.ttf */,
				B8E5BB8728A25F280012DB66 /* BaiJamjuree-SemiBoldItalic.ttf */,
			);
			path = Fonts;
			sourceTree = "<group>";
		};
		B8E5BB9A28A279460012DB66 /* Authentication */ = {
			isa = PBXGroup;
			children = (
				B8E5BB9B28A27F0F0012DB66 /* RegisterView.swift */,
				B8E5BB9D28A27F190012DB66 /* LoginView.swift */,
				B8D9B78028A3D0F8003F0968 /* AuthenticationCoordinator.swift */,
				B80979CB28A51861009B1C8D /* ForgotPasswordView.swift */,
				B80979CD28A51A4E009B1C8D /* ResetPasswordView.swift */,
				B861626028ABB73300BDE4CA /* Shared.swift */,
			);
			path = Authentication;
			sourceTree = "<group>";
		};
		E10C99F9B1960905A44E8065 /* Pods */ = {
			isa = PBXGroup;
			children = (
				BF3D1FBCE5C048B8A060E965 /* Pods-Move.debug.xcconfig */,
				9DF2BD6A48EE2CC2E0439BB6 /* Pods-Move.release.xcconfig */,
			);
			path = Pods;
			sourceTree = "<group>";
		};
/* End PBXGroup section */

/* Begin PBXNativeTarget section */
		B8D9110B28A1188600D25454 /* Move */ = {
			isa = PBXNativeTarget;
			buildConfigurationList = B8D9111A28A1188800D25454 /* Build configuration list for PBXNativeTarget "Move" */;
			buildPhases = (
				C8C609289003631297011BF6 /* [CP] Check Pods Manifest.lock */,
				B8D9110828A1188600D25454 /* Sources */,
				B8D9110928A1188600D25454 /* Frameworks */,
				B8D9110A28A1188600D25454 /* Resources */,
				1A78924DD4028C4BC592AD65 /* [CP] Embed Pods Frameworks */,
			);
			buildRules = (
			);
			dependencies = (
			);
			name = Move;
			productName = Move;
			productReference = B8D9110C28A1188600D25454 /* Move.app */;
			productType = "com.apple.product-type.application";
		};
/* End PBXNativeTarget section */

/* Begin PBXProject section */
		B8D9110428A1188600D25454 /* Project object */ = {
			isa = PBXProject;
			attributes = {
				BuildIndependentTargetsInParallel = 1;
				LastSwiftUpdateCheck = 1340;
				LastUpgradeCheck = 1340;
				TargetAttributes = {
					B8D9110B28A1188600D25454 = {
						CreatedOnToolsVersion = 13.4.1;
					};
				};
			};
			buildConfigurationList = B8D9110728A1188600D25454 /* Build configuration list for PBXProject "Move" */;
			compatibilityVersion = "Xcode 13.0";
			developmentRegion = en;
			hasScannedForEncodings = 0;
			knownRegions = (
				en,
				Base,
			);
			mainGroup = B8D9110328A1188600D25454;
			productRefGroup = B8D9110D28A1188600D25454 /* Products */;
			projectDirPath = "";
			projectRoot = "";
			targets = (
				B8D9110B28A1188600D25454 /* Move */,
			);
		};
/* End PBXProject section */

/* Begin PBXResourcesBuildPhase section */
		B8D9110A28A1188600D25454 /* Resources */ = {
			isa = PBXResourcesBuildPhase;
			buildActionMask = 2147483647;
			files = (
				B8E5BB8E28A25F290012DB66 /* BaiJamjuree-Italic.ttf in Resources */,
				B8E5BB9528A25F290012DB66 /* BaiJamjuree-Bold.ttf in Resources */,
				B8E5BB9228A25F290012DB66 /* BaiJamjuree-Regular.ttf in Resources */,
				B8E5BB9028A25F290012DB66 /* BaiJamjuree-SemiBold.ttf in Resources */,
				B8E5BB8D28A25F290012DB66 /* BaiJamjuree-ExtraLight.ttf in Resources */,
				B8E5BB9628A25F290012DB66 /* BaiJamjuree-LightItalic.ttf in Resources */,
				B8E5BB8F28A25F290012DB66 /* BaiJamjuree-BoldItalic.ttf in Resources */,
				B8E5BB9328A25F290012DB66 /* BaiJamjuree-SemiBoldItalic.ttf in Resources */,
				B8E5BB9428A25F290012DB66 /* BaiJamjuree-ExtraLightItalic.ttf in Resources */,
				B8E5BB9728A25F290012DB66 /* BaiJamjuree-Medium.ttf in Resources */,
				B8D9111728A1188800D25454 /* Preview Assets.xcassets in Resources */,
				B8E5BB9828A25F290012DB66 /* BaiJamjuree-MediumItalic.ttf in Resources */,
				B8D9111428A1188800D25454 /* Assets.xcassets in Resources */,
				B8E5BB9128A25F290012DB66 /* BaiJamjuree-Light.ttf in Resources */,
			);
			runOnlyForDeploymentPostprocessing = 0;
		};
/* End PBXResourcesBuildPhase section */

/* Begin PBXShellScriptBuildPhase section */
		1A78924DD4028C4BC592AD65 /* [CP] Embed Pods Frameworks */ = {
			isa = PBXShellScriptBuildPhase;
			buildActionMask = 2147483647;
			files = (
			);
			inputFileListPaths = (
				"${PODS_ROOT}/Target Support Files/Pods-Move/Pods-Move-frameworks-${CONFIGURATION}-input-files.xcfilelist",
			);
			name = "[CP] Embed Pods Frameworks";
			outputFileListPaths = (
				"${PODS_ROOT}/Target Support Files/Pods-Move/Pods-Move-frameworks-${CONFIGURATION}-output-files.xcfilelist",
			);
			runOnlyForDeploymentPostprocessing = 0;
			shellPath = /bin/sh;
			shellScript = "\"${PODS_ROOT}/Target Support Files/Pods-Move/Pods-Move-frameworks.sh\"\n";
			showEnvVarsInLog = 0;
		};
		C8C609289003631297011BF6 /* [CP] Check Pods Manifest.lock */ = {
			isa = PBXShellScriptBuildPhase;
			buildActionMask = 2147483647;
			files = (
			);
			inputFileListPaths = (
			);
			inputPaths = (
				"${PODS_PODFILE_DIR_PATH}/Podfile.lock",
				"${PODS_ROOT}/Manifest.lock",
			);
			name = "[CP] Check Pods Manifest.lock";
			outputFileListPaths = (
			);
			outputPaths = (
				"$(DERIVED_FILE_DIR)/Pods-Move-checkManifestLockResult.txt",
			);
			runOnlyForDeploymentPostprocessing = 0;
			shellPath = /bin/sh;
			shellScript = "diff \"${PODS_PODFILE_DIR_PATH}/Podfile.lock\" \"${PODS_ROOT}/Manifest.lock\" > /dev/null\nif [ $? != 0 ] ; then\n    # print error to STDERR\n    echo \"error: The sandbox is not in sync with the Podfile.lock. Run 'pod install' or update your CocoaPods installation.\" >&2\n    exit 1\nfi\n# This output is used by Xcode 'outputs' to avoid re-running this script phase.\necho \"SUCCESS\" > \"${SCRIPT_OUTPUT_FILE_0}\"\n";
			showEnvVarsInLog = 0;
		};
/* End PBXShellScriptBuildPhase section */

/* Begin PBXSourcesBuildPhase section */
		B8D9110828A1188600D25454 /* Sources */ = {
			isa = PBXSourcesBuildPhase;
			buildActionMask = 2147483647;
			files = (
				B80979D128A53504009B1C8D /* AddLicenseView.swift in Sources */,
				B83DD40628BCDC7700F1F2F6 /* APIService.swift in Sources */,
				B8D9B77F28A3C1AE003F0968 /* Buttons.swift in Sources */,
				B8E5BB9E28A27F190012DB66 /* LoginView.swift in Sources */,
				B8E5BB7F28A243E60012DB66 /* OnboardingView.swift in Sources */,
				B861626128ABB73300BDE4CA /* Shared.swift in Sources */,
				B896D15828A6422500BD7791 /* PreviewDevices.swift in Sources */,
				B8E5BB9C28A27F0F0012DB66 /* RegisterView.swift in Sources */,
				B8E9752728AE6766004E83A4 /* ValidationInProgressView.swift in Sources */,
				B861626328ABBAAA00BDE4CA /* LayoutExtensions.swift in Sources */,
				B8E5BBA028A27F2D0012DB66 /* PurpleBackgroundView.swift in Sources */,
				B80979CE28A51A4E009B1C8D /* ResetPasswordView.swift in Sources */,
				B896D15A28A66AD000BD7791 /* MainCoordinatorView.swift in Sources */,
				B8E9752B28AE67A1004E83A4 /* ValidationSuccessView.swift in Sources */,
				B83DD40828BD1C1300F1F2F6 /* LoginResponse.swift in Sources */,
				B8D9B78128A3D0F8003F0968 /* AuthenticationCoordinator.swift in Sources */,
				B8D9111028A1188600D25454 /* MoveApp.swift in Sources */,
				B854D2F828BE32DB006AA8EE /* ScannerView.swift in Sources */,
				B8DC508C28BF3CD100D9B2C6 /* RideScooterCoordinatorView.swift in Sources */,
				B8B4B0C328A132AD00FD6B56 /* SplashView.swift in Sources */,
				B8E9752D28AE7111004E83A4 /* ActivityIndicator.swift in Sources */,
				B896D15628A63D6000BD7791 /* ColorExtensions.swift in Sources */,
				B8D9B78328A3D8B6003F0968 /* FontsExtensions.swift in Sources */,
				B8B14F2428BE49FC00979F01 /* ImagePickerView.swift in Sources */,
				B80979CC28A51861009B1C8D /* ForgotPasswordView.swift in Sources */,
				B862BF0028AD0148002EF079 /* ButtonStylesExtensions.swift in Sources */,
				B8D9B77D28A3A726003F0968 /* TextFields.swift in Sources */,
				B83DD3FD28BCBB4D00F1F2F6 /* User.swift in Sources */,
			);
			runOnlyForDeploymentPostprocessing = 0;
		};
/* End PBXSourcesBuildPhase section */

/* Begin XCBuildConfiguration section */
		B8D9111828A1188800D25454 /* Debug */ = {
			isa = XCBuildConfiguration;
			buildSettings = {
				ALWAYS_SEARCH_USER_PATHS = NO;
				CLANG_ANALYZER_NONNULL = YES;
				CLANG_ANALYZER_NUMBER_OBJECT_CONVERSION = YES_AGGRESSIVE;
				CLANG_CXX_LANGUAGE_STANDARD = "gnu++17";
				CLANG_ENABLE_MODULES = YES;
				CLANG_ENABLE_OBJC_ARC = YES;
				CLANG_ENABLE_OBJC_WEAK = YES;
				CLANG_WARN_BLOCK_CAPTURE_AUTORELEASING = YES;
				CLANG_WARN_BOOL_CONVERSION = YES;
				CLANG_WARN_COMMA = YES;
				CLANG_WARN_CONSTANT_CONVERSION = YES;
				CLANG_WARN_DEPRECATED_OBJC_IMPLEMENTATIONS = YES;
				CLANG_WARN_DIRECT_OBJC_ISA_USAGE = YES_ERROR;
				CLANG_WARN_DOCUMENTATION_COMMENTS = YES;
				CLANG_WARN_EMPTY_BODY = YES;
				CLANG_WARN_ENUM_CONVERSION = YES;
				CLANG_WARN_INFINITE_RECURSION = YES;
				CLANG_WARN_INT_CONVERSION = YES;
				CLANG_WARN_NON_LITERAL_NULL_CONVERSION = YES;
				CLANG_WARN_OBJC_IMPLICIT_RETAIN_SELF = YES;
				CLANG_WARN_OBJC_LITERAL_CONVERSION = YES;
				CLANG_WARN_OBJC_ROOT_CLASS = YES_ERROR;
				CLANG_WARN_QUOTED_INCLUDE_IN_FRAMEWORK_HEADER = YES;
				CLANG_WARN_RANGE_LOOP_ANALYSIS = YES;
				CLANG_WARN_STRICT_PROTOTYPES = YES;
				CLANG_WARN_SUSPICIOUS_MOVE = YES;
				CLANG_WARN_UNGUARDED_AVAILABILITY = YES_AGGRESSIVE;
				CLANG_WARN_UNREACHABLE_CODE = YES;
				CLANG_WARN__DUPLICATE_METHOD_MATCH = YES;
				COPY_PHASE_STRIP = NO;
				DEBUG_INFORMATION_FORMAT = dwarf;
				ENABLE_STRICT_OBJC_MSGSEND = YES;
				ENABLE_TESTABILITY = YES;
				GCC_C_LANGUAGE_STANDARD = gnu11;
				GCC_DYNAMIC_NO_PIC = NO;
				GCC_NO_COMMON_BLOCKS = YES;
				GCC_OPTIMIZATION_LEVEL = 0;
				GCC_PREPROCESSOR_DEFINITIONS = (
					"DEBUG=1",
					"$(inherited)",
				);
				GCC_WARN_64_TO_32_BIT_CONVERSION = YES;
				GCC_WARN_ABOUT_RETURN_TYPE = YES_ERROR;
				GCC_WARN_UNDECLARED_SELECTOR = YES;
				GCC_WARN_UNINITIALIZED_AUTOS = YES_AGGRESSIVE;
				GCC_WARN_UNUSED_FUNCTION = YES;
				GCC_WARN_UNUSED_VARIABLE = YES;
				IPHONEOS_DEPLOYMENT_TARGET = 15.5;
				MTL_ENABLE_DEBUG_INFO = INCLUDE_SOURCE;
				MTL_FAST_MATH = YES;
				ONLY_ACTIVE_ARCH = YES;
				SDKROOT = iphoneos;
				SWIFT_ACTIVE_COMPILATION_CONDITIONS = DEBUG;
				SWIFT_OPTIMIZATION_LEVEL = "-Onone";
			};
			name = Debug;
		};
		B8D9111928A1188800D25454 /* Release */ = {
			isa = XCBuildConfiguration;
			buildSettings = {
				ALWAYS_SEARCH_USER_PATHS = NO;
				CLANG_ANALYZER_NONNULL = YES;
				CLANG_ANALYZER_NUMBER_OBJECT_CONVERSION = YES_AGGRESSIVE;
				CLANG_CXX_LANGUAGE_STANDARD = "gnu++17";
				CLANG_ENABLE_MODULES = YES;
				CLANG_ENABLE_OBJC_ARC = YES;
				CLANG_ENABLE_OBJC_WEAK = YES;
				CLANG_WARN_BLOCK_CAPTURE_AUTORELEASING = YES;
				CLANG_WARN_BOOL_CONVERSION = YES;
				CLANG_WARN_COMMA = YES;
				CLANG_WARN_CONSTANT_CONVERSION = YES;
				CLANG_WARN_DEPRECATED_OBJC_IMPLEMENTATIONS = YES;
				CLANG_WARN_DIRECT_OBJC_ISA_USAGE = YES_ERROR;
				CLANG_WARN_DOCUMENTATION_COMMENTS = YES;
				CLANG_WARN_EMPTY_BODY = YES;
				CLANG_WARN_ENUM_CONVERSION = YES;
				CLANG_WARN_INFINITE_RECURSION = YES;
				CLANG_WARN_INT_CONVERSION = YES;
				CLANG_WARN_NON_LITERAL_NULL_CONVERSION = YES;
				CLANG_WARN_OBJC_IMPLICIT_RETAIN_SELF = YES;
				CLANG_WARN_OBJC_LITERAL_CONVERSION = YES;
				CLANG_WARN_OBJC_ROOT_CLASS = YES_ERROR;
				CLANG_WARN_QUOTED_INCLUDE_IN_FRAMEWORK_HEADER = YES;
				CLANG_WARN_RANGE_LOOP_ANALYSIS = YES;
				CLANG_WARN_STRICT_PROTOTYPES = YES;
				CLANG_WARN_SUSPICIOUS_MOVE = YES;
				CLANG_WARN_UNGUARDED_AVAILABILITY = YES_AGGRESSIVE;
				CLANG_WARN_UNREACHABLE_CODE = YES;
				CLANG_WARN__DUPLICATE_METHOD_MATCH = YES;
				COPY_PHASE_STRIP = NO;
				DEBUG_INFORMATION_FORMAT = "dwarf-with-dsym";
				ENABLE_NS_ASSERTIONS = NO;
				ENABLE_STRICT_OBJC_MSGSEND = YES;
				GCC_C_LANGUAGE_STANDARD = gnu11;
				GCC_NO_COMMON_BLOCKS = YES;
				GCC_WARN_64_TO_32_BIT_CONVERSION = YES;
				GCC_WARN_ABOUT_RETURN_TYPE = YES_ERROR;
				GCC_WARN_UNDECLARED_SELECTOR = YES;
				GCC_WARN_UNINITIALIZED_AUTOS = YES_AGGRESSIVE;
				GCC_WARN_UNUSED_FUNCTION = YES;
				GCC_WARN_UNUSED_VARIABLE = YES;
				IPHONEOS_DEPLOYMENT_TARGET = 15.5;
				MTL_ENABLE_DEBUG_INFO = NO;
				MTL_FAST_MATH = YES;
				SDKROOT = iphoneos;
				SWIFT_COMPILATION_MODE = wholemodule;
				SWIFT_OPTIMIZATION_LEVEL = "-O";
				VALIDATE_PRODUCT = YES;
			};
			name = Release;
		};
		B8D9111B28A1188800D25454 /* Debug */ = {
			isa = XCBuildConfiguration;
			baseConfigurationReference = BF3D1FBCE5C048B8A060E965 /* Pods-Move.debug.xcconfig */;
			buildSettings = {
				ASSETCATALOG_COMPILER_APPICON_NAME = AppIcon;
				ASSETCATALOG_COMPILER_GLOBAL_ACCENT_COLOR_NAME = AccentColor;
				CODE_SIGN_STYLE = Automatic;
				CURRENT_PROJECT_VERSION = 1;
				DEVELOPMENT_ASSET_PATHS = "\"Move/Preview Content\"";
				ENABLE_PREVIEWS = YES;
				GENERATE_INFOPLIST_FILE = YES;
				INFOPLIST_FILE = Move/Info.plist;
				INFOPLIST_KEY_UIApplicationSceneManifest_Generation = YES;
				INFOPLIST_KEY_UIApplicationSupportsIndirectInputEvents = YES;
				INFOPLIST_KEY_UILaunchScreen_Generation = YES;
				INFOPLIST_KEY_UISupportedInterfaceOrientations_iPad = "UIInterfaceOrientationPortrait UIInterfaceOrientationPortraitUpsideDown UIInterfaceOrientationLandscapeLeft UIInterfaceOrientationLandscapeRight";
				INFOPLIST_KEY_UISupportedInterfaceOrientations_iPhone = "UIInterfaceOrientationPortrait UIInterfaceOrientationLandscapeLeft UIInterfaceOrientationLandscapeRight";
				LD_RUNPATH_SEARCH_PATHS = (
					"$(inherited)",
					"@executable_path/Frameworks",
				);
				MARKETING_VERSION = 1.0;
				PRODUCT_BUNDLE_IDENTIFIER = me.Daria.Andrioaie.Move;
				PRODUCT_NAME = "$(TARGET_NAME)";
				SWIFT_EMIT_LOC_STRINGS = YES;
				SWIFT_VERSION = 5.0;
				TARGETED_DEVICE_FAMILY = "1,2";
			};
			name = Debug;
		};
		B8D9111C28A1188800D25454 /* Release */ = {
			isa = XCBuildConfiguration;
			baseConfigurationReference = 9DF2BD6A48EE2CC2E0439BB6 /* Pods-Move.release.xcconfig */;
			buildSettings = {
				ASSETCATALOG_COMPILER_APPICON_NAME = AppIcon;
				ASSETCATALOG_COMPILER_GLOBAL_ACCENT_COLOR_NAME = AccentColor;
				CODE_SIGN_STYLE = Automatic;
				CURRENT_PROJECT_VERSION = 1;
				DEVELOPMENT_ASSET_PATHS = "\"Move/Preview Content\"";
				ENABLE_PREVIEWS = YES;
				GENERATE_INFOPLIST_FILE = YES;
				INFOPLIST_FILE = Move/Info.plist;
				INFOPLIST_KEY_UIApplicationSceneManifest_Generation = YES;
				INFOPLIST_KEY_UIApplicationSupportsIndirectInputEvents = YES;
				INFOPLIST_KEY_UILaunchScreen_Generation = YES;
				INFOPLIST_KEY_UISupportedInterfaceOrientations_iPad = "UIInterfaceOrientationPortrait UIInterfaceOrientationPortraitUpsideDown UIInterfaceOrientationLandscapeLeft UIInterfaceOrientationLandscapeRight";
				INFOPLIST_KEY_UISupportedInterfaceOrientations_iPhone = "UIInterfaceOrientationPortrait UIInterfaceOrientationLandscapeLeft UIInterfaceOrientationLandscapeRight";
				LD_RUNPATH_SEARCH_PATHS = (
					"$(inherited)",
					"@executable_path/Frameworks",
				);
				MARKETING_VERSION = 1.0;
				PRODUCT_BUNDLE_IDENTIFIER = me.Daria.Andrioaie.Move;
				PRODUCT_NAME = "$(TARGET_NAME)";
				SWIFT_EMIT_LOC_STRINGS = YES;
				SWIFT_VERSION = 5.0;
				TARGETED_DEVICE_FAMILY = "1,2";
			};
			name = Release;
		};
/* End XCBuildConfiguration section */

/* Begin XCConfigurationList section */
		B8D9110728A1188600D25454 /* Build configuration list for PBXProject "Move" */ = {
			isa = XCConfigurationList;
			buildConfigurations = (
				B8D9111828A1188800D25454 /* Debug */,
				B8D9111928A1188800D25454 /* Release */,
			);
			defaultConfigurationIsVisible = 0;
			defaultConfigurationName = Release;
		};
		B8D9111A28A1188800D25454 /* Build configuration list for PBXNativeTarget "Move" */ = {
			isa = XCConfigurationList;
			buildConfigurations = (
				B8D9111B28A1188800D25454 /* Debug */,
				B8D9111C28A1188800D25454 /* Release */,
			);
			defaultConfigurationIsVisible = 0;
			defaultConfigurationName = Release;
		};
/* End XCConfigurationList section */
	};
	rootObject = B8D9110428A1188600D25454 /* Project object */;
}
